// !$*UTF8*$!
{
	archiveVersion = 1;
	classes = {
	};
	objectVersion = 48;
	objects = {

/* Begin PBXBuildFile section */
		16D50ADC212D4B79000EB967 /* AppDelegate.m in Sources */ = {isa = PBXBuildFile; fileRef = 16D50ADB212D4B79000EB967 /* AppDelegate.m */; };
		16D50ADF212D4B79000EB967 /* ViewController.m in Sources */ = {isa = PBXBuildFile; fileRef = 16D50ADE212D4B79000EB967 /* ViewController.m */; };
		16D50AE2212D4B79000EB967 /* Main.storyboard in Resources */ = {isa = PBXBuildFile; fileRef = 16D50AE0212D4B79000EB967 /* Main.storyboard */; };
		16D50AE4212D4B79000EB967 /* Assets.xcassets in Resources */ = {isa = PBXBuildFile; fileRef = 16D50AE3212D4B79000EB967 /* Assets.xcassets */; };
		16D50AE7212D4B79000EB967 /* LaunchScreen.storyboard in Resources */ = {isa = PBXBuildFile; fileRef = 16D50AE5212D4B79000EB967 /* LaunchScreen.storyboard */; };
		16D50AEA212D4B79000EB967 /* main.m in Sources */ = {isa = PBXBuildFile; fileRef = 16D50AE9212D4B79000EB967 /* main.m */; };
		16D50AF4212D4B79000EB967 /* SDHookHelperTests.m in Sources */ = {isa = PBXBuildFile; fileRef = 16D50AF3212D4B79000EB967 /* SDHookHelperTests.m */; };
		16D50B04212D4B96000EB967 /* TestClass.m in Sources */ = {isa = PBXBuildFile; fileRef = 16D50B00212D4B95000EB967 /* TestClass.m */; };
		16D50B05212D4B96000EB967 /* NSObject+SDHookHelper.m in Sources */ = {isa = PBXBuildFile; fileRef = 16D50B01212D4B96000EB967 /* NSObject+SDHookHelper.m */; };
		16D50B06212D4B96000EB967 /* SuperTestClass.m in Sources */ = {isa = PBXBuildFile; fileRef = 16D50B02212D4B96000EB967 /* SuperTestClass.m */; };
/* End PBXBuildFile section */

/* Begin PBXContainerItemProxy section */
		16D50AF0212D4B79000EB967 /* PBXContainerItemProxy */ = {
			isa = PBXContainerItemProxy;
			containerPortal = 16D50ACF212D4B79000EB967 /* Project object */;
			proxyType = 1;
			remoteGlobalIDString = 16D50AD6212D4B79000EB967;
			remoteInfo = SDHookHelper;
		};
/* End PBXContainerItemProxy section */

/* Begin PBXFileReference section */
		16D50AD7212D4B79000EB967 /* SDHookHelper.app */ = {isa = PBXFileReference; explicitFileType = wrapper.application; includeInIndex = 0; path = SDHookHelper.app; sourceTree = BUILT_PRODUCTS_DIR; };
		16D50ADA212D4B79000EB967 /* AppDelegate.h */ = {isa = PBXFileReference; lastKnownFileType = sourcecode.c.h; path = AppDelegate.h; sourceTree = "<group>"; };
		16D50ADB212D4B79000EB967 /* AppDelegate.m */ = {isa = PBXFileReference; lastKnownFileType = sourcecode.c.objc; path = AppDelegate.m; sourceTree = "<group>"; };
		16D50ADD212D4B79000EB967 /* ViewController.h */ = {isa = PBXFileReference; lastKnownFileType = sourcecode.c.h; path = ViewController.h; sourceTree = "<group>"; };
		16D50ADE212D4B79000EB967 /* ViewController.m */ = {isa = PBXFileReference; lastKnownFileType = sourcecode.c.objc; path = ViewController.m; sourceTree = "<group>"; };
		16D50AE1212D4B79000EB967 /* Base */ = {isa = PBXFileReference; lastKnownFileType = file.storyboard; name = Base; path = Base.lproj/Main.storyboard; sourceTree = "<group>"; };
		16D50AE3212D4B79000EB967 /* Assets.xcassets */ = {isa = PBXFileReference; lastKnownFileType = folder.assetcatalog; path = Assets.xcassets; sourceTree = "<group>"; };
		16D50AE6212D4B79000EB967 /* Base */ = {isa = PBXFileReference; lastKnownFileType = file.storyboard; name = Base; path = Base.lproj/LaunchScreen.storyboard; sourceTree = "<group>"; };
		16D50AE8212D4B79000EB967 /* Info.plist */ = {isa = PBXFileReference; lastKnownFileType = text.plist.xml; path = Info.plist; sourceTree = "<group>"; };
		16D50AE9212D4B79000EB967 /* main.m */ = {isa = PBXFileReference; lastKnownFileType = sourcecode.c.objc; path = main.m; sourceTree = "<group>"; };
		16D50AEF212D4B79000EB967 /* SDHookHelperTests.xctest */ = {isa = PBXFileReference; explicitFileType = wrapper.cfbundle; includeInIndex = 0; path = SDHookHelperTests.xctest; sourceTree = BUILT_PRODUCTS_DIR; };
		16D50AF3212D4B79000EB967 /* SDHookHelperTests.m */ = {isa = PBXFileReference; lastKnownFileType = sourcecode.c.objc; path = SDHookHelperTests.m; sourceTree = "<group>"; };
		16D50AF5212D4B79000EB967 /* Info.plist */ = {isa = PBXFileReference; lastKnownFileType = text.plist.xml; path = Info.plist; sourceTree = "<group>"; };
		16D50AFE212D4B95000EB967 /* NSObject+SDHookHelper.h */ = {isa = PBXFileReference; fileEncoding = 4; lastKnownFileType = sourcecode.c.h; path = "NSObject+SDHookHelper.h"; sourceTree = "<group>"; };
		16D50AFF212D4B95000EB967 /* SuperTestClass.h */ = {isa = PBXFileReference; fileEncoding = 4; lastKnownFileType = sourcecode.c.h; path = SuperTestClass.h; sourceTree = "<group>"; };
		16D50B00212D4B95000EB967 /* TestClass.m */ = {isa = PBXFileReference; fileEncoding = 4; lastKnownFileType = sourcecode.c.objc; path = TestClass.m; sourceTree = "<group>"; };
		16D50B01212D4B96000EB967 /* NSObject+SDHookHelper.m */ = {isa = PBXFileReference; fileEncoding = 4; lastKnownFileType = sourcecode.c.objc; path = "NSObject+SDHookHelper.m"; sourceTree = "<group>"; };
		16D50B02212D4B96000EB967 /* SuperTestClass.m */ = {isa = PBXFileReference; fileEncoding = 4; lastKnownFileType = sourcecode.c.objc; path = SuperTestClass.m; sourceTree = "<group>"; };
		16D50B03212D4B96000EB967 /* TestClass.h */ = {isa = PBXFileReference; fileEncoding = 4; lastKnownFileType = sourcecode.c.h; path = TestClass.h; sourceTree = "<group>"; };
/* End PBXFileReference section */

/* Begin PBXFrameworksBuildPhase section */
		16D50AD4212D4B79000EB967 /* Frameworks */ = {
			isa = PBXFrameworksBuildPhase;
			buildActionMask = 2147483647;
			files = (
			);
			runOnlyForDeploymentPostprocessing = 0;
		};
		16D50AEC212D4B79000EB967 /* Frameworks */ = {
			isa = PBXFrameworksBuildPhase;
			buildActionMask = 2147483647;
			files = (
			);
			runOnlyForDeploymentPostprocessing = 0;
		};
/* End PBXFrameworksBuildPhase section */

/* Begin PBXGroup section */
		16D50ACE212D4B79000EB967 = {
			isa = PBXGroup;
			children = (
				16D50AD9212D4B79000EB967 /* SDHookHelper */,
				16D50AF2212D4B79000EB967 /* SDHookHelperTests */,
				16D50AD8212D4B79000EB967 /* Products */,
			);
			sourceTree = "<group>";
		};
		16D50AD8212D4B79000EB967 /* Products */ = {
			isa = PBXGroup;
			children = (
				16D50AD7212D4B79000EB967 /* SDHookHelper.app */,
				16D50AEF212D4B79000EB967 /* SDHookHelperTests.xctest */,
			);
			name = Products;
			sourceTree = "<group>";
		};
		16D50AD9212D4B79000EB967 /* SDHookHelper */ = {
			isa = PBXGroup;
			children = (
				16D50ADA212D4B79000EB967 /* AppDelegate.h */,
				16D50ADB212D4B79000EB967 /* AppDelegate.m */,
				16D50AFE212D4B95000EB967 /* NSObject+SDHookHelper.h */,
				16D50B01212D4B96000EB967 /* NSObject+SDHookHelper.m */,
				16D50ADD212D4B79000EB967 /* ViewController.h */,
				16D50ADE212D4B79000EB967 /* ViewController.m */,
				16D50AFF212D4B95000EB967 /* SuperTestClass.h */,
				16D50B02212D4B96000EB967 /* SuperTestClass.m */,
				16D50B03212D4B96000EB967 /* TestClass.h */,
				16D50B00212D4B95000EB967 /* TestClass.m */,
				16D50AE0212D4B79000EB967 /* Main.storyboard */,
				16D50AE3212D4B79000EB967 /* Assets.xcassets */,
				16D50AE5212D4B79000EB967 /* LaunchScreen.storyboard */,
				16D50AE8212D4B79000EB967 /* Info.plist */,
				16D50AE9212D4B79000EB967 /* main.m */,
			);
			path = SDHookHelper;
			sourceTree = "<group>";
		};
		16D50AF2212D4B79000EB967 /* SDHookHelperTests */ = {
			isa = PBXGroup;
			children = (
				16D50AF3212D4B79000EB967 /* SDHookHelperTests.m */,
				16D50AF5212D4B79000EB967 /* Info.plist */,
			);
			path = SDHookHelperTests;
			sourceTree = "<group>";
		};
/* End PBXGroup section */

/* Begin PBXNativeTarget section */
		16D50AD6212D4B79000EB967 /* SDHookHelper */ = {
			isa = PBXNativeTarget;
			buildConfigurationList = 16D50AF8212D4B79000EB967 /* Build configuration list for PBXNativeTarget "SDHookHelper" */;
			buildPhases = (
				16D50AD3212D4B79000EB967 /* Sources */,
				16D50AD4212D4B79000EB967 /* Frameworks */,
				16D50AD5212D4B79000EB967 /* Resources */,
			);
			buildRules = (
			);
			dependencies = (
			);
			name = SDHookHelper;
			productName = SDHookHelper;
			productReference = 16D50AD7212D4B79000EB967 /* SDHookHelper.app */;
			productType = "com.apple.product-type.application";
		};
		16D50AEE212D4B79000EB967 /* SDHookHelperTests */ = {
			isa = PBXNativeTarget;
			buildConfigurationList = 16D50AFB212D4B79000EB967 /* Build configuration list for PBXNativeTarget "SDHookHelperTests" */;
			buildPhases = (
				16D50AEB212D4B79000EB967 /* Sources */,
				16D50AEC212D4B79000EB967 /* Frameworks */,
				16D50AED212D4B79000EB967 /* Resources */,
			);
			buildRules = (
			);
			dependencies = (
				16D50AF1212D4B79000EB967 /* PBXTargetDependency */,
			);
			name = SDHookHelperTests;
			productName = SDHookHelperTests;
			productReference = 16D50AEF212D4B79000EB967 /* SDHookHelperTests.xctest */;
			productType = "com.apple.product-type.bundle.unit-test";
		};
/* End PBXNativeTarget section */

/* Begin PBXProject section */
		16D50ACF212D4B79000EB967 /* Project object */ = {
			isa = PBXProject;
			attributes = {
				LastUpgradeCheck = 0920;
				TargetAttributes = {
					16D50AD6212D4B79000EB967 = {
						CreatedOnToolsVersion = 9.2;
						ProvisioningStyle = Automatic;
					};
					16D50AEE212D4B79000EB967 = {
						CreatedOnToolsVersion = 9.2;
						ProvisioningStyle = Automatic;
						TestTargetID = 16D50AD6212D4B79000EB967;
					};
				};
			};
			buildConfigurationList = 16D50AD2212D4B79000EB967 /* Build configuration list for PBXProject "SDHookHelper" */;
			compatibilityVersion = "Xcode 8.0";
			developmentRegion = en;
			hasScannedForEncodings = 0;
			knownRegions = (
				en,
				Base,
			);
			mainGroup = 16D50ACE212D4B79000EB967;
			productRefGroup = 16D50AD8212D4B79000EB967 /* Products */;
			projectDirPath = "";
			projectRoot = "";
			targets = (
				16D50AD6212D4B79000EB967 /* SDHookHelper */,
				16D50AEE212D4B79000EB967 /* SDHookHelperTests */,
			);
		};
/* End PBXProject section */

/* Begin PBXResourcesBuildPhase section */
		16D50AD5212D4B79000EB967 /* Resources */ = {
			isa = PBXResourcesBuildPhase;
			buildActionMask = 2147483647;
			files = (
				16D50AE7212D4B79000EB967 /* LaunchScreen.storyboard in Resources */,
				16D50AE4212D4B79000EB967 /* Assets.xcassets in Resources */,
				16D50AE2212D4B79000EB967 /* Main.storyboard in Resources */,
			);
			runOnlyForDeploymentPostprocessing = 0;
		};
		16D50AED212D4B79000EB967 /* Resources */ = {
			isa = PBXResourcesBuildPhase;
			buildActionMask = 2147483647;
			files = (
			);
			runOnlyForDeploymentPostprocessing = 0;
		};
/* End PBXResourcesBuildPhase section */

/* Begin PBXSourcesBuildPhase section */
		16D50AD3212D4B79000EB967 /* Sources */ = {
			isa = PBXSourcesBuildPhase;
			buildActionMask = 2147483647;
			files = (
				16D50B04212D4B96000EB967 /* TestClass.m in Sources */,
				16D50ADF212D4B79000EB967 /* ViewController.m in Sources */,
				16D50B06212D4B96000EB967 /* SuperTestClass.m in Sources */,
				16D50AEA212D4B79000EB967 /* main.m in Sources */,
				16D50B05212D4B96000EB967 /* NSObject+SDHookHelper.m in Sources */,
				16D50ADC212D4B79000EB967 /* AppDelegate.m in Sources */,
			);
			runOnlyForDeploymentPostprocessing = 0;
		};
		16D50AEB212D4B79000EB967 /* Sources */ = {
			isa = PBXSourcesBuildPhase;
			buildActionMask = 2147483647;
			files = (
				16D50AF4212D4B79000EB967 /* SDHookHelperTests.m in Sources */,
			);
			runOnlyForDeploymentPostprocessing = 0;
		};
/* End PBXSourcesBuildPhase section */

/* Begin PBXTargetDependency section */
		16D50AF1212D4B79000EB967 /* PBXTargetDependency */ = {
			isa = PBXTargetDependency;
			target = 16D50AD6212D4B79000EB967 /* SDHookHelper */;
			targetProxy = 16D50AF0212D4B79000EB967 /* PBXContainerItemProxy */;
		};
/* End PBXTargetDependency section */

/* Begin PBXVariantGroup section */
		16D50AE0212D4B79000EB967 /* Main.storyboard */ = {
			isa = PBXVariantGroup;
			children = (
				16D50AE1212D4B79000EB967 /* Base */,
			);
			name = Main.storyboard;
			sourceTree = "<group>";
		};
		16D50AE5212D4B79000EB967 /* LaunchScreen.storyboard */ = {
			isa = PBXVariantGroup;
			children = (
				16D50AE6212D4B79000EB967 /* Base */,
			);
			name = LaunchScreen.storyboard;
			sourceTree = "<group>";
		};
/* End PBXVariantGroup section */

/* Begin XCBuildConfiguration section */
		16D50AF6212D4B79000EB967 /* Debug */ = {
			isa = XCBuildConfiguration;
			buildSettings = {
				ALWAYS_SEARCH_USER_PATHS = NO;
				CLANG_ANALYZER_NONNULL = YES;
				CLANG_ANALYZER_NUMBER_OBJECT_CONVERSION = YES_AGGRESSIVE;
				CLANG_CXX_LANGUAGE_STANDARD = "gnu++14";
				CLANG_CXX_LIBRARY = "libc++";
				CLANG_ENABLE_MODULES = YES;
				CLANG_ENABLE_OBJC_ARC = YES;
				CLANG_WARN_BLOCK_CAPTURE_AUTORELEASING = YES;
				CLANG_WARN_BOOL_CONVERSION = YES;
				CLANG_WARN_COMMA = YES;
				CLANG_WARN_CONSTANT_CONVERSION = YES;
				CLANG_WARN_DIRECT_OBJC_ISA_USAGE = YES_ERROR;
				CLANG_WARN_DOCUMENTATION_COMMENTS = YES;
				CLANG_WARN_EMPTY_BODY = YES;
				CLANG_WARN_ENUM_CONVERSION = YES;
				CLANG_WARN_INFINITE_RECURSION = YES;
				CLANG_WARN_INT_CONVERSION = YES;
				CLANG_WARN_NON_LITERAL_NULL_CONVERSION = YES;
				CLANG_WARN_OBJC_LITERAL_CONVERSION = YES;
				CLANG_WARN_OBJC_ROOT_CLASS = YES_ERROR;
				CLANG_WARN_RANGE_LOOP_ANALYSIS = YES;
				CLANG_WARN_STRICT_PROTOTYPES = YES;
				CLANG_WARN_SUSPICIOUS_MOVE = YES;
				CLANG_WARN_UNGUARDED_AVAILABILITY = YES_AGGRESSIVE;
				CLANG_WARN_UNREACHABLE_CODE = YES;
				CLANG_WARN__DUPLICATE_METHOD_MATCH = YES;
				CODE_SIGN_IDENTITY = "iPhone Developer";
				COPY_PHASE_STRIP = NO;
				DEBUG_INFORMATION_FORMAT = dwarf;
				ENABLE_STRICT_OBJC_MSGSEND = YES;
				ENABLE_TESTABILITY = YES;
				GCC_C_LANGUAGE_STANDARD = gnu11;
				GCC_DYNAMIC_NO_PIC = NO;
				GCC_NO_COMMON_BLOCKS = YES;
				GCC_OPTIMIZATION_LEVEL = 0;
				GCC_PREPROCESSOR_DEFINITIONS = (
					"DEBUG=1",
					"$(inherited)",
				);
				GCC_WARN_64_TO_32_BIT_CONVERSION = YES;
				GCC_WARN_ABOUT_RETURN_TYPE = YES_ERROR;
				GCC_WARN_UNDECLARED_SELECTOR = YES;
				GCC_WARN_UNINITIALIZED_AUTOS = YES_AGGRESSIVE;
				GCC_WARN_UNUSED_FUNCTION = YES;
				GCC_WARN_UNUSED_VARIABLE = YES;
				IPHONEOS_DEPLOYMENT_TARGET = 11.2;
				MTL_ENABLE_DEBUG_INFO = YES;
				ONLY_ACTIVE_ARCH = YES;
				SDKROOT = iphoneos;
			};
			name = Debug;
		};
		16D50AF7212D4B79000EB967 /* Release */ = {
			isa = XCBuildConfiguration;
			buildSettings = {
				ALWAYS_SEARCH_USER_PATHS = NO;
				CLANG_ANALYZER_NONNULL = YES;
				CLANG_ANALYZER_NUMBER_OBJECT_CONVERSION = YES_AGGRESSIVE;
				CLANG_CXX_LANGUAGE_STANDARD = "gnu++14";
				CLANG_CXX_LIBRARY = "libc++";
				CLANG_ENABLE_MODULES = YES;
				CLANG_ENABLE_OBJC_ARC = YES;
				CLANG_WARN_BLOCK_CAPTURE_AUTORELEASING = YES;
				CLANG_WARN_BOOL_CONVERSION = YES;
				CLANG_WARN_COMMA = YES;
				CLANG_WARN_CONSTANT_CONVERSION = YES;
				CLANG_WARN_DIRECT_OBJC_ISA_USAGE = YES_ERROR;
				CLANG_WARN_DOCUMENTATION_COMMENTS = YES;
				CLANG_WARN_EMPTY_BODY = YES;
				CLANG_WARN_ENUM_CONVERSION = YES;
				CLANG_WARN_INFINITE_RECURSION = YES;
				CLANG_WARN_INT_CONVERSION = YES;
				CLANG_WARN_NON_LITERAL_NULL_CONVERSION = YES;
				CLANG_WARN_OBJC_LITERAL_CONVERSION = YES;
				CLANG_WARN_OBJC_ROOT_CLASS = YES_ERROR;
				CLANG_WARN_RANGE_LOOP_ANALYSIS = YES;
				CLANG_WARN_STRICT_PROTOTYPES = YES;
				CLANG_WARN_SUSPICIOUS_MOVE = YES;
				CLANG_WARN_UNGUARDED_AVAILABILITY = YES_AGGRESSIVE;
				CLANG_WARN_UNREACHABLE_CODE = YES;
				CLANG_WARN__DUPLICATE_METHOD_MATCH = YES;
				CODE_SIGN_IDENTITY = "iPhone Developer";
				COPY_PHASE_STRIP = NO;
				DEBUG_INFORMATION_FORMAT = "dwarf-with-dsym";
				ENABLE_NS_ASSERTIONS = NO;
				ENABLE_STRICT_OBJC_MSGSEND = YES;
				GCC_C_LANGUAGE_STANDARD = gnu11;
				GCC_NO_COMMON_BLOCKS = YES;
				GCC_WARN_64_TO_32_BIT_CONVERSION = YES;
				GCC_WARN_ABOUT_RETURN_TYPE = YES_ERROR;
				GCC_WARN_UNDECLARED_SELECTOR = YES;
				GCC_WARN_UNINITIALIZED_AUTOS = YES_AGGRESSIVE;
				GCC_WARN_UNUSED_FUNCTION = YES;
				GCC_WARN_UNUSED_VARIABLE = YES;
				IPHONEOS_DEPLOYMENT_TARGET = 11.2;
				MTL_ENABLE_DEBUG_INFO = NO;
				SDKROOT = iphoneos;
				VALIDATE_PRODUCT = YES;
			};
			name = Release;
		};
		16D50AF9212D4B79000EB967 /* Debug */ = {
			isa = XCBuildConfiguration;
			buildSettings = {
				ASSETCATALOG_COMPILER_APPICON_NAME = AppIcon;
				CODE_SIGN_STYLE = Automatic;
				INFOPLIST_FILE = SDHookHelper/Info.plist;
				LD_RUNPATH_SEARCH_PATHS = "$(inherited) @executable_path/Frameworks";
				PRODUCT_BUNDLE_IDENTIFIER = SD.SDHookHelper;
				PRODUCT_NAME = "$(TARGET_NAME)";
				TARGETED_DEVICE_FAMILY = "1,2";
			};
			name = Debug;
		};
		16D50AFA212D4B79000EB967 /* Release */ = {
			isa = XCBuildConfiguration;
			buildSettings = {
				ASSETCATALOG_COMPILER_APPICON_NAME = AppIcon;
				CODE_SIGN_STYLE = Automatic;
				INFOPLIST_FILE = SDHookHelper/Info.plist;
				LD_RUNPATH_SEARCH_PATHS = "$(inherited) @executable_path/Frameworks";
				PRODUCT_BUNDLE_IDENTIFIER = SD.SDHookHelper;
				PRODUCT_NAME = "$(TARGET_NAME)";
				TARGETED_DEVICE_FAMILY = "1,2";
			};
			name = Release;
		};
		16D50AFC212D4B79000EB967 /* Debug */ = {
			isa = XCBuildConfiguration;
			buildSettings = {
				BUNDLE_LOADER = "$(TEST_HOST)";
				CODE_SIGN_STYLE = Automatic;
				INFOPLIST_FILE = SDHookHelperTests/Info.plist;
				LD_RUNPATH_SEARCH_PATHS = "$(inherited) @executable_path/Frameworks @loader_path/Frameworks";
				PRODUCT_BUNDLE_IDENTIFIER = SD.SDHookHelperTests;
				PRODUCT_NAME = "$(TARGET_NAME)";
				TARGETED_DEVICE_FAMILY = "1,2";
				TEST_HOST = "$(BUILT_PRODUCTS_DIR)/SDHookHelper.app/SDHookHelper";
			};
			name = Debug;
		};
		16D50AFD212D4B79000EB967 /* Release */ = {
			isa = XCBuildConfiguration;
			buildSettings = {
				BUNDLE_LOADER = "$(TEST_HOST)";
				CODE_SIGN_STYLE = Automatic;
				INFOPLIST_FILE = SDHookHelperTests/Info.plist;
				LD_RUNPATH_SEARCH_PATHS = "$(inherited) @executable_path/Frameworks @loader_path/Frameworks";
				PRODUCT_BUNDLE_IDENTIFIER = SD.SDHookHelperTests;
				PRODUCT_NAME = "$(TARGET_NAME)";
				TARGETED_DEVICE_FAMILY = "1,2";
				TEST_HOST = "$(BUILT_PRODUCTS_DIR)/SDHookHelper.app/SDHookHelper";
			};
			name = Release;
		};
/* End XCBuildConfiguration section */

/* Begin XCConfigurationList section */
		16D50AD2212D4B79000EB967 /* Build configuration list for PBXProject "SDHookHelper" */ = {
			isa = XCConfigurationList;
			buildConfigurations = (
				16D50AF6212D4B79000EB967 /* Debug */,
				16D50AF7212D4B79000EB967 /* Release */,
			);
			defaultConfigurationIsVisible = 0;
			defaultConfigurationName = Release;
		};
		16D50AF8212D4B79000EB967 /* Build configuration list for PBXNativeTarget "SDHookHelper" */ = {
			isa = XCConfigurationList;
			buildConfigurations = (
				16D50AF9212D4B79000EB967 /* Debug */,
				16D50AFA212D4B79000EB967 /* Release */,
			);
			defaultConfigurationIsVisible = 0;
			defaultConfigurationName = Release;
		};
		16D50AFB212D4B79000EB967 /* Build configuration list for PBXNativeTarget "SDHookHelperTests" */ = {
			isa = XCConfigurationList;
			buildConfigurations = (
				16D50AFC212D4B79000EB967 /* Debug */,
				16D50AFD212D4B79000EB967 /* Release */,
			);
			defaultConfigurationIsVisible = 0;
			defaultConfigurationName = Release;
		};
/* End XCConfigurationList section */
	};
	rootObject = 16D50ACF212D4B79000EB967 /* Project object */;
}
